
Microsoft Visual Studio Solution File, Format Version 12.00
# Visual Studio Version 16
VisualStudioVersion = 16.0.29215.179
MinimumVisualStudioVersion = 10.0.40219.1
Project("{FAE04EC0-301F-11D3-BF4B-00C04F79EFBC}") = "VehicleCarAndTruck", "VehicleCarAndTruck\VehicleCarAndTruck.csproj", "{2CA4ED43-0A41-4A8D-A1F2-E0F817FA2873}"
EndProject
Project("{FAE04EC0-301F-11D3-BF4B-00C04F79EFBC}") = "VehicleCarTruckConsoleApp1", "VehicleCarTruckConsoleApp1\VehicleCarTruckConsoleApp1.csproj", "{B8168A6B-D817-4584-B978-DE873C45A106}"
EndProject
Global
	GlobalSection(SolutionConfigurationPlatforms) = preSolution
		Debug|Any CPU = Debug|Any CPU
		Release|Any CPU = Release|Any CPU
	EndGlobalSection
	GlobalSection(ProjectConfigurationPlatforms) = postSolution
		{2CA4ED43-0A41-4A8D-A1F2-E0F817FA2873}.Debug|Any CPU.ActiveCfg = Debug|Any CPU
		{2CA4ED43-0A41-4A8D-A1F2-E0F817FA2873}.Debug|Any CPU.Build.0 = Debug|Any CPU
		{2CA4ED43-0A41-4A8D-A1F2-E0F817FA2873}.Release|Any CPU.ActiveCfg = Release|Any CPU
		{2CA4ED43-0A41-4A8D-A1F2-E0F817FA2873}.Release|Any CPU.Build.0 = Release|Any CPU
		{B8168A6B-D817-4584-B978-DE873C45A106}.Debug|Any CPU.ActiveCfg = Debug|Any CPU
		{B8168A6B-D817-4584-B978-DE873C45A106}.Debug|Any CPU.Build.0 = Debug|Any CPU
		{B8168A6B-D817-4584-B978-DE873C45A106}.Release|Any CPU.ActiveCfg = Release|Any CPU
		{B8168A6B-D817-4584-B978-DE873C45A106}.Release|Any CPU.Build.0 = Release|Any CPU
	EndGlobalSection
	GlobalSection(SolutionProperties) = preSolution
		HideSolutionNode = FALSE
	EndGlobalSection
	GlobalSection(ExtensibilityGlobals) = postSolution
		SolutionGuid = {40C3C31F-E867-41C5-8CF8-2697286BF935}
	EndGlobalSection
EndGlobal
